<?xml version="1.0" encoding="utf-8"?>
<Project ToolsVersion="4.0" xmlns="http://schemas.microsoft.com/developer/msbuild/2003">
  <ItemGroup>
    <Filter Include="Source Files">
      <UniqueIdentifier>{de970c12-5932-4eea-826b-1206f4bae74a}</UniqueIdentifier>
      <Extensions>cpp;c;cxx;rc;def;r;odl;idl;hpj;bat</Extensions>
    </Filter>
    <Filter Include="Header Files">
      <UniqueIdentifier>{0972baa2-1389-4c79-a0c6-7522c9f64201}</UniqueIdentifier>
      <Extensions>h;hpp;hxx;hm;inl</Extensions>
    </Filter>
    <Filter Include="Resource Files">
      <UniqueIdentifier>{79881f8c-d5f5-404c-b45a-77be2e275fb0}</UniqueIdentifier>
      <Extensions>ico;cur;bmp;dlg;rc2;rct;bin;rgs;gif;jpg;jpeg;jpe</Extensions>
    </Filter>
  </ItemGroup>
  <ItemGroup>
    <ClCompile Include="bsave.cpp">
      <Filter>Source Files</Filter>
    </ClCompile>
    <ClCompile Include="calc.cpp">
      <Filter>Source Files</Filter>
    </ClCompile>
    <ClCompile Include="Convert.cpp">
      <Filter>Source Files</Filter>
    </ClCompile>
    <ClCompile Include="fileuty.cpp">
      <Filter>Source Files</Filter>
    </ClCompile>
    <ClCompile Include="main.cpp">
      <Filter>Source Files</Filter>
    </ClCompile>
    <ClCompile Include="PlugProc.cpp">
      <Filter>Source Files</Filter>
    </ClCompile>
    <ClCompile Include="PreView.cpp">
      <Filter>Source Files</Filter>
    </ClCompile>
    <ClCompile Include="ProgProc.cpp">
      <Filter>Source Files</Filter>
    </ClCompile>
    <ClCompile Include="ScriptProc.cpp">
      <Filter>Source Files</Filter>
    </ClCompile>
    <ClCompile Include="Setting.cpp">
      <Filter>Source Files</Filter>
    </ClCompile>
    <ClCompile Include="SpitProc.cpp">
      <Filter>Source Files</Filter>
    </ClCompile>
    <ClCompile Include="splug.cpp">
      <Filter>Source Files</Filter>
    </ClCompile>
    <ClCompile Include="SubProc.cpp">
      <Filter>Source Files</Filter>
    </ClCompile>
    <ClCompile Include="utils.cpp">
      <Filter>Source Files</Filter>
    </ClCompile>
    <ClCompile Include="Ver.cpp">
      <Filter>Source Files</Filter>
    </ClCompile>
    <ClCompile Include="winuty.cpp">
      <Filter>Source Files</Filter>
    </ClCompile>
    <ClCompile Include="WndProc.cpp">
      <Filter>Source Files</Filter>
    </ClCompile>
    <ClCompile Include="CalibrationProc.cpp">
      <Filter>Source Files</Filter>
    </ClCompile>
  </ItemGroup>
  <ItemGroup>
    <ClInclude Include="bsave.h">
      <Filter>Header Files</Filter>
    </ClInclude>
    <ClInclude Include="calc.h">
      <Filter>Header Files</Filter>
    </ClInclude>
    <ClInclude Include="Config.h">
      <Filter>Header Files</Filter>
    </ClInclude>
    <ClInclude Include="Convert.h">
      <Filter>Header Files</Filter>
    </ClInclude>
    <ClInclude Include="fileuty.h">
      <Filter>Header Files</Filter>
    </ClInclude>
    <ClInclude Include="Globals.h">
      <Filter>Header Files</Filter>
    </ClInclude>
    <ClInclude Include="PlugProc.h">
      <Filter>Header Files</Filter>
    </ClInclude>
    <ClInclude Include="PreView.h">
      <Filter>Header Files</Filter>
    </ClInclude>
    <ClInclude Include="ProgProc.h">
      <Filter>Header Files</Filter>
    </ClInclude>
    <ClInclude Include="resource.h">
      <Filter>Header Files</Filter>
    </ClInclude>
    <ClInclude Include="ScriptProc.h">
      <Filter>Header Files</Filter>
    </ClInclude>
    <ClInclude Include="Setting.h">
      <Filter>Header Files</Filter>
    </ClInclude>
    <ClInclude Include="SpitProc.h">
      <Filter>Header Files</Filter>
    </ClInclude>
    <ClInclude Include="splug.h">
      <Filter>Header Files</Filter>
    </ClInclude>
    <ClInclude Include="SubProc.h">
      <Filter>Header Files</Filter>
    </ClInclude>
    <ClInclude Include="typeuty.h">
      <Filter>Header Files</Filter>
    </ClInclude>
    <ClInclude Include="utils.h">
      <Filter>Header Files</Filter>
    </ClInclude>
    <ClInclude Include="Ver.h">
      <Filter>Header Files</Filter>
    </ClInclude>
    <ClInclude Include="winEvent.h">
      <Filter>Header Files</Filter>
    </ClInclude>
    <ClInclude Include="winuty.h">
      <Filter>Header Files</Filter>
    </ClInclude>
    <ClInclude Include="CalibrationProc.h">
      <Filter>Header Files</Filter>
    </ClInclude>
    <ClInclude Include="afxres.h">
      <Filter>Header Files</Filter>
    </ClInclude>
  </ItemGroup>
  <ItemGroup>
    <Image Include="bmp2msx.bmp">
      <Filter>Resource Files</Filter>
    </Image>
    <Image Include="ico00001.ico">
      <Filter>Resource Files</Filter>
    </Image>
    <Image Include="ico00002.ico">
      <Filter>Resource Files</Filter>
    </Image>
    <Image Include="ico00003.ico">
      <Filter>Resource Files</Filter>
    </Image>
    <Image Include="icon1.ico">
      <Filter>Resource Files</Filter>
    </Image>
  </ItemGroup>
  <ItemGroup>
    <None Include="cur00001.cur">
      <Filter>Resource Files</Filter>
    </None>
    <None Include="cursor1.cur">
      <Filter>Resource Files</Filter>
    </None>
  </ItemGroup>
  <ItemGroup>
    <ResourceCompile Include="ResScript.rc">
      <Filter>Resource Files</Filter>
    </ResourceCompile>
  </ItemGroup>
  <ItemGroup>
    <Text Include="History.txt" />
  </ItemGroup>
</Project>